
Microsoft Visual Studio Solution File, Format Version 12.00
# Visual Studio Version 17
VisualStudioVersion = 17.0.31903.59
MinimumVisualStudioVersion = 10.0.40219.1
Project("{2150E333-8FDC-42A3-9474-1A3956D46DE8}") = "src", "src", "{827E0CD3-B72D-47B6-A68D-7590B98EB39B}"
EndProject
Project("{FAE04EC0-301F-11D3-BF4B-00C04F79EFBC}") = "EventManagementPlatform.Core", "src\EventManagementPlatform.Core\EventManagementPlatform.Core.csproj", "{C264D7B5-4D69-4546-A542-BA2C4DA5DB28}"
EndProject
Project("{FAE04EC0-301F-11D3-BF4B-00C04F79EFBC}") = "EventManagementPlatform.Infrastructure", "src\EventManagementPlatform.Infrastructure\EventManagementPlatform.Infrastructure.csproj", "{8BCDB8A1-31DC-4CC2-A60E-81D976AC78D5}"
EndProject
Project("{FAE04EC0-301F-11D3-BF4B-00C04F79EFBC}") = "EventManagementPlatform.Api", "src\EventManagementPlatform.Api\EventManagementPlatform.Api.csproj", "{D8CDF04D-1266-42DB-BDD1-C847F0A77C59}"
EndProject
Project("{2150E333-8FDC-42A3-9474-1A3956D46DE8}") = "tests", "tests", "{A1B2C3D4-E5F6-4A5B-8C9D-0E1F2A3B4C5D}"
EndProject
Project("{FAE04EC0-301F-11D3-BF4B-00C04F79EFBC}") = "EventManagementPlatform.Core.Tests", "tests\EventManagementPlatform.Core.Tests\EventManagementPlatform.Core.Tests.csproj", "{1A2B3C4D-5E6F-7A8B-9C0D-1E2F3A4B5C6D}"
EndProject
Project("{FAE04EC0-301F-11D3-BF4B-00C04F79EFBC}") = "EventManagementPlatform.Infrastructure.Tests", "tests\EventManagementPlatform.Infrastructure.Tests\EventManagementPlatform.Infrastructure.Tests.csproj", "{2B3C4D5E-6F7A-8B9C-0D1E-2F3A4B5C6D7E}"
EndProject
Project("{FAE04EC0-301F-11D3-BF4B-00C04F79EFBC}") = "EventManagementPlatform.Api.Tests", "tests\EventManagementPlatform.Api.Tests\EventManagementPlatform.Api.Tests.csproj", "{3C4D5E6F-7A8B-9C0D-1E2F-3A4B5C6D7E8F}"
EndProject
Global
	GlobalSection(SolutionConfigurationPlatforms) = preSolution
		Debug|Any CPU = Debug|Any CPU
		Debug|x64 = Debug|x64
		Debug|x86 = Debug|x86
		Release|Any CPU = Release|Any CPU
		Release|x64 = Release|x64
		Release|x86 = Release|x86
	EndGlobalSection
	GlobalSection(ProjectConfigurationPlatforms) = postSolution
		{C264D7B5-4D69-4546-A542-BA2C4DA5DB28}.Debug|Any CPU.ActiveCfg = Debug|Any CPU
		{C264D7B5-4D69-4546-A542-BA2C4DA5DB28}.Debug|Any CPU.Build.0 = Debug|Any CPU
		{C264D7B5-4D69-4546-A542-BA2C4DA5DB28}.Debug|x64.ActiveCfg = Debug|Any CPU
		{C264D7B5-4D69-4546-A542-BA2C4DA5DB28}.Debug|x64.Build.0 = Debug|Any CPU
		{C264D7B5-4D69-4546-A542-BA2C4DA5DB28}.Debug|x86.ActiveCfg = Debug|Any CPU
		{C264D7B5-4D69-4546-A542-BA2C4DA5DB28}.Debug|x86.Build.0 = Debug|Any CPU
		{C264D7B5-4D69-4546-A542-BA2C4DA5DB28}.Release|Any CPU.ActiveCfg = Release|Any CPU
		{C264D7B5-4D69-4546-A542-BA2C4DA5DB28}.Release|Any CPU.Build.0 = Release|Any CPU
		{C264D7B5-4D69-4546-A542-BA2C4DA5DB28}.Release|x64.ActiveCfg = Release|Any CPU
		{C264D7B5-4D69-4546-A542-BA2C4DA5DB28}.Release|x64.Build.0 = Release|Any CPU
		{C264D7B5-4D69-4546-A542-BA2C4DA5DB28}.Release|x86.ActiveCfg = Release|Any CPU
		{C264D7B5-4D69-4546-A542-BA2C4DA5DB28}.Release|x86.Build.0 = Release|Any CPU
		{8BCDB8A1-31DC-4CC2-A60E-81D976AC78D5}.Debug|Any CPU.ActiveCfg = Debug|Any CPU
		{8BCDB8A1-31DC-4CC2-A60E-81D976AC78D5}.Debug|Any CPU.Build.0 = Debug|Any CPU
		{8BCDB8A1-31DC-4CC2-A60E-81D976AC78D5}.Debug|x64.ActiveCfg = Debug|Any CPU
		{8BCDB8A1-31DC-4CC2-A60E-81D976AC78D5}.Debug|x64.Build.0 = Debug|Any CPU
		{8BCDB8A1-31DC-4CC2-A60E-81D976AC78D5}.Debug|x86.ActiveCfg = Debug|Any CPU
		{8BCDB8A1-31DC-4CC2-A60E-81D976AC78D5}.Debug|x86.Build.0 = Debug|Any CPU
		{8BCDB8A1-31DC-4CC2-A60E-81D976AC78D5}.Release|Any CPU.ActiveCfg = Release|Any CPU
		{8BCDB8A1-31DC-4CC2-A60E-81D976AC78D5}.Release|Any CPU.Build.0 = Release|Any CPU
		{8BCDB8A1-31DC-4CC2-A60E-81D976AC78D5}.Release|x64.ActiveCfg = Release|Any CPU
		{8BCDB8A1-31DC-4CC2-A60E-81D976AC78D5}.Release|x64.Build.0 = Release|Any CPU
		{8BCDB8A1-31DC-4CC2-A60E-81D976AC78D5}.Release|x86.ActiveCfg = Release|Any CPU
		{8BCDB8A1-31DC-4CC2-A60E-81D976AC78D5}.Release|x86.Build.0 = Release|Any CPU
		{D8CDF04D-1266-42DB-BDD1-C847F0A77C59}.Debug|Any CPU.ActiveCfg = Debug|Any CPU
		{D8CDF04D-1266-42DB-BDD1-C847F0A77C59}.Debug|Any CPU.Build.0 = Debug|Any CPU
		{D8CDF04D-1266-42DB-BDD1-C847F0A77C59}.Debug|x64.ActiveCfg = Debug|Any CPU
		{D8CDF04D-1266-42DB-BDD1-C847F0A77C59}.Debug|x64.Build.0 = Debug|Any CPU
		{D8CDF04D-1266-42DB-BDD1-C847F0A77C59}.Debug|x86.ActiveCfg = Debug|Any CPU
		{D8CDF04D-1266-42DB-BDD1-C847F0A77C59}.Debug|x86.Build.0 = Debug|Any CPU
		{D8CDF04D-1266-42DB-BDD1-C847F0A77C59}.Release|Any CPU.ActiveCfg = Release|Any CPU
		{D8CDF04D-1266-42DB-BDD1-C847F0A77C59}.Release|Any CPU.Build.0 = Release|Any CPU
		{D8CDF04D-1266-42DB-BDD1-C847F0A77C59}.Release|x64.ActiveCfg = Release|Any CPU
		{D8CDF04D-1266-42DB-BDD1-C847F0A77C59}.Release|x64.Build.0 = Release|Any CPU
		{D8CDF04D-1266-42DB-BDD1-C847F0A77C59}.Release|x86.ActiveCfg = Release|Any CPU
		{D8CDF04D-1266-42DB-BDD1-C847F0A77C59}.Release|x86.Build.0 = Release|Any CPU
		{1A2B3C4D-5E6F-7A8B-9C0D-1E2F3A4B5C6D}.Debug|Any CPU.ActiveCfg = Debug|Any CPU
		{1A2B3C4D-5E6F-7A8B-9C0D-1E2F3A4B5C6D}.Debug|Any CPU.Build.0 = Debug|Any CPU
		{1A2B3C4D-5E6F-7A8B-9C0D-1E2F3A4B5C6D}.Debug|x64.ActiveCfg = Debug|Any CPU
		{1A2B3C4D-5E6F-7A8B-9C0D-1E2F3A4B5C6D}.Debug|x64.Build.0 = Debug|Any CPU
		{1A2B3C4D-5E6F-7A8B-9C0D-1E2F3A4B5C6D}.Debug|x86.ActiveCfg = Debug|Any CPU
		{1A2B3C4D-5E6F-7A8B-9C0D-1E2F3A4B5C6D}.Debug|x86.Build.0 = Debug|Any CPU
		{1A2B3C4D-5E6F-7A8B-9C0D-1E2F3A4B5C6D}.Release|Any CPU.ActiveCfg = Release|Any CPU
		{1A2B3C4D-5E6F-7A8B-9C0D-1E2F3A4B5C6D}.Release|Any CPU.Build.0 = Release|Any CPU
		{1A2B3C4D-5E6F-7A8B-9C0D-1E2F3A4B5C6D}.Release|x64.ActiveCfg = Release|Any CPU
		{1A2B3C4D-5E6F-7A8B-9C0D-1E2F3A4B5C6D}.Release|x64.Build.0 = Release|Any CPU
		{1A2B3C4D-5E6F-7A8B-9C0D-1E2F3A4B5C6D}.Release|x86.ActiveCfg = Release|Any CPU
		{1A2B3C4D-5E6F-7A8B-9C0D-1E2F3A4B5C6D}.Release|x86.Build.0 = Release|Any CPU
		{2B3C4D5E-6F7A-8B9C-0D1E-2F3A4B5C6D7E}.Debug|Any CPU.ActiveCfg = Debug|Any CPU
		{2B3C4D5E-6F7A-8B9C-0D1E-2F3A4B5C6D7E}.Debug|Any CPU.Build.0 = Debug|Any CPU
		{2B3C4D5E-6F7A-8B9C-0D1E-2F3A4B5C6D7E}.Debug|x64.ActiveCfg = Debug|Any CPU
		{2B3C4D5E-6F7A-8B9C-0D1E-2F3A4B5C6D7E}.Debug|x64.Build.0 = Debug|Any CPU
		{2B3C4D5E-6F7A-8B9C-0D1E-2F3A4B5C6D7E}.Debug|x86.ActiveCfg = Debug|Any CPU
		{2B3C4D5E-6F7A-8B9C-0D1E-2F3A4B5C6D7E}.Debug|x86.Build.0 = Debug|Any CPU
		{2B3C4D5E-6F7A-8B9C-0D1E-2F3A4B5C6D7E}.Release|Any CPU.ActiveCfg = Release|Any CPU
		{2B3C4D5E-6F7A-8B9C-0D1E-2F3A4B5C6D7E}.Release|Any CPU.Build.0 = Release|Any CPU
		{2B3C4D5E-6F7A-8B9C-0D1E-2F3A4B5C6D7E}.Release|x64.ActiveCfg = Release|Any CPU
		{2B3C4D5E-6F7A-8B9C-0D1E-2F3A4B5C6D7E}.Release|x64.Build.0 = Release|Any CPU
		{2B3C4D5E-6F7A-8B9C-0D1E-2F3A4B5C6D7E}.Release|x86.ActiveCfg = Release|Any CPU
		{2B3C4D5E-6F7A-8B9C-0D1E-2F3A4B5C6D7E}.Release|x86.Build.0 = Release|Any CPU
		{3C4D5E6F-7A8B-9C0D-1E2F-3A4B5C6D7E8F}.Debug|Any CPU.ActiveCfg = Debug|Any CPU
		{3C4D5E6F-7A8B-9C0D-1E2F-3A4B5C6D7E8F}.Debug|Any CPU.Build.0 = Debug|Any CPU
		{3C4D5E6F-7A8B-9C0D-1E2F-3A4B5C6D7E8F}.Debug|x64.ActiveCfg = Debug|Any CPU
		{3C4D5E6F-7A8B-9C0D-1E2F-3A4B5C6D7E8F}.Debug|x64.Build.0 = Debug|Any CPU
		{3C4D5E6F-7A8B-9C0D-1E2F-3A4B5C6D7E8F}.Debug|x86.ActiveCfg = Debug|Any CPU
		{3C4D5E6F-7A8B-9C0D-1E2F-3A4B5C6D7E8F}.Debug|x86.Build.0 = Debug|Any CPU
		{3C4D5E6F-7A8B-9C0D-1E2F-3A4B5C6D7E8F}.Release|Any CPU.ActiveCfg = Release|Any CPU
		{3C4D5E6F-7A8B-9C0D-1E2F-3A4B5C6D7E8F}.Release|Any CPU.Build.0 = Release|Any CPU
		{3C4D5E6F-7A8B-9C0D-1E2F-3A4B5C6D7E8F}.Release|x64.ActiveCfg = Release|Any CPU
		{3C4D5E6F-7A8B-9C0D-1E2F-3A4B5C6D7E8F}.Release|x64.Build.0 = Release|Any CPU
		{3C4D5E6F-7A8B-9C0D-1E2F-3A4B5C6D7E8F}.Release|x86.ActiveCfg = Release|Any CPU
		{3C4D5E6F-7A8B-9C0D-1E2F-3A4B5C6D7E8F}.Release|x86.Build.0 = Release|Any CPU
	EndGlobalSection
	GlobalSection(SolutionProperties) = preSolution
		HideSolutionNode = FALSE
	EndGlobalSection
	GlobalSection(NestedProjects) = preSolution
		{C264D7B5-4D69-4546-A542-BA2C4DA5DB28} = {827E0CD3-B72D-47B6-A68D-7590B98EB39B}
		{8BCDB8A1-31DC-4CC2-A60E-81D976AC78D5} = {827E0CD3-B72D-47B6-A68D-7590B98EB39B}
		{D8CDF04D-1266-42DB-BDD1-C847F0A77C59} = {827E0CD3-B72D-47B6-A68D-7590B98EB39B}
		{1A2B3C4D-5E6F-7A8B-9C0D-1E2F3A4B5C6D} = {A1B2C3D4-E5F6-4A5B-8C9D-0E1F2A3B4C5D}
		{2B3C4D5E-6F7A-8B9C-0D1E-2F3A4B5C6D7E} = {A1B2C3D4-E5F6-4A5B-8C9D-0E1F2A3B4C5D}
		{3C4D5E6F-7A8B-9C0D-1E2F-3A4B5C6D7E8F} = {A1B2C3D4-E5F6-4A5B-8C9D-0E1F2A3B4C5D}
	EndGlobalSection
EndGlobal
